// !$*UTF8*$!
{
	archiveVersion = 1;
	classes = {
	};
	objectVersion = 46;
	objects = {

/* Begin PBXBuildFile section */
		49174F531C50158D00330C56 /* SIGSettingsController.m in Sources */ = {isa = PBXBuildFile; fileRef = 49174F521C50158D00330C56 /* SIGSettingsController.m */; };
		49174F551C5022A100330C56 /* SignalSDK.framework in Frameworks */ = {isa = PBXBuildFile; fileRef = 49174F541C5022A100330C56 /* SignalSDK.framework */; };
		49174F571C5023B900330C56 /* CoreTelephony.framework in Frameworks */ = {isa = PBXBuildFile; fileRef = 49174F561C5023B900330C56 /* CoreTelephony.framework */; };
		49174F591C5023C700330C56 /* SystemConfiguration.framework in Frameworks */ = {isa = PBXBuildFile; fileRef = 49174F581C5023C700330C56 /* SystemConfiguration.framework */; };
		49174F831C5183C300330C56 /* iPadMain.storyboard in Resources */ = {isa = PBXBuildFile; fileRef = 49174F821C5183C300330C56 /* iPadMain.storyboard */; };
		49174F8E1C52D44000330C56 /* SIGPreferences.m in Sources */ = {isa = PBXBuildFile; fileRef = 49174F8D1C52D44000330C56 /* SIGPreferences.m */; };
		492F04F41C46F09400F5AF98 /* SIGImageCache.m in Sources */ = {isa = PBXBuildFile; fileRef = 492F04F31C46F09400F5AF98 /* SIGImageCache.m */; };
		49534F8F1C440938008C6300 /* main.m in Sources */ = {isa = PBXBuildFile; fileRef = 49534F8E1C440938008C6300 /* main.m */; };
		49534F921C440938008C6300 /* AppDelegate.m in Sources */ = {isa = PBXBuildFile; fileRef = 49534F911C440938008C6300 /* AppDelegate.m */; };
		49534F981C440938008C6300 /* Main.storyboard in Resources */ = {isa = PBXBuildFile; fileRef = 49534F961C440938008C6300 /* Main.storyboard */; };
		49534F9A1C440938008C6300 /* Assets.xcassets in Resources */ = {isa = PBXBuildFile; fileRef = 49534F991C440938008C6300 /* Assets.xcassets */; };
		49534F9D1C440938008C6300 /* LaunchScreen.storyboard in Resources */ = {isa = PBXBuildFile; fileRef = 49534F9B1C440938008C6300 /* LaunchScreen.storyboard */; };
		49534FA81C440938008C6300 /* Signal_CommerceTests.m in Sources */ = {isa = PBXBuildFile; fileRef = 49534FA71C440938008C6300 /* Signal_CommerceTests.m */; };
		497B49601C445828006A21EF /* SIGProduct.m in Sources */ = {isa = PBXBuildFile; fileRef = 497B495F1C445828006A21EF /* SIGProduct.m */; };
		497B49631C446165006A21EF /* SIGMoney.m in Sources */ = {isa = PBXBuildFile; fileRef = 497B49621C446165006A21EF /* SIGMoney.m */; };
		497B49701C45B96B006A21EF /* SIGProductDetailController.m in Sources */ = {isa = PBXBuildFile; fileRef = 497B496F1C45B96B006A21EF /* SIGProductDetailController.m */; };
		498D9C2E1C443D93002D72D6 /* SIGCategory.m in Sources */ = {isa = PBXBuildFile; fileRef = 498D9C2D1C443D93002D72D6 /* SIGCategory.m */; };
		498D9C331C4440AA002D72D6 /* SIGCategoryListController.m in Sources */ = {isa = PBXBuildFile; fileRef = 498D9C321C4440AA002D72D6 /* SIGCategoryListController.m */; };
		498D9C361C444350002D72D6 /* MagentoShoppingService.m in Sources */ = {isa = PBXBuildFile; fileRef = 498D9C351C444350002D72D6 /* MagentoShoppingService.m */; };
		49DE1E971C57F09D00294D79 /* SIGLoginViewController.m in Sources */ = {isa = PBXBuildFile; fileRef = 49DE1E961C57F09D00294D79 /* SIGLoginViewController.m */; };
		49E1F9071C69017B0084408A /* SIGCart.m in Sources */ = {isa = PBXBuildFile; fileRef = 49E1F9061C69017B0084408A /* SIGCart.m */; };
		49E1F90A1C6901AA0084408A /* SIGCartItem.m in Sources */ = {isa = PBXBuildFile; fileRef = 49E1F9091C6901AA0084408A /* SIGCartItem.m */; };
		49E1F90D1C69198A0084408A /* SIGCartController.m in Sources */ = {isa = PBXBuildFile; fileRef = 49E1F90C1C69198A0084408A /* SIGCartController.m */; };
		49E1F9101C69439F0084408A /* SIGAccountController.m in Sources */ = {isa = PBXBuildFile; fileRef = 49E1F90F1C69439F0084408A /* SIGAccountController.m */; };
		49E1F9161C6A80000084408A /* UIViewController+CartAssist.m in Sources */ = {isa = PBXBuildFile; fileRef = 49E1F9151C6A80000084408A /* UIViewController+CartAssist.m */; };
		9B1F242C78FEFD537C2B6556 /* Pods_Signal_Commerce.framework in Frameworks */ = {isa = PBXBuildFile; fileRef = 8CA6C37B6A12B30E0F575072 /* Pods_Signal_Commerce.framework */; };
/* End PBXBuildFile section */

/* Begin PBXContainerItemProxy section */
		49534FA41C440938008C6300 /* PBXContainerItemProxy */ = {
			isa = PBXContainerItemProxy;
			containerPortal = 49534F821C440938008C6300 /* Project object */;
			proxyType = 1;
			remoteGlobalIDString = 49534F891C440938008C6300;
			remoteInfo = "Signal Commerce";
		};
/* End PBXContainerItemProxy section */

/* Begin PBXFileReference section */
		49174F511C50158D00330C56 /* SIGSettingsController.h */ = {isa = PBXFileReference; fileEncoding = 4; lastKnownFileType = sourcecode.c.h; path = SIGSettingsController.h; sourceTree = "<group>"; };
		49174F521C50158D00330C56 /* SIGSettingsController.m */ = {isa = PBXFileReference; fileEncoding = 4; lastKnownFileType = sourcecode.c.objc; path = SIGSettingsController.m; sourceTree = "<group>"; };
		49174F541C5022A100330C56 /* SignalSDK.framework */ = {isa = PBXFileReference; lastKnownFileType = wrapper.framework; path = SignalSDK.framework; sourceTree = "<group>"; };
		49174F561C5023B900330C56 /* CoreTelephony.framework */ = {isa = PBXFileReference; lastKnownFileType = wrapper.framework; name = CoreTelephony.framework; path = System/Library/Frameworks/CoreTelephony.framework; sourceTree = SDKROOT; };
		49174F581C5023C700330C56 /* SystemConfiguration.framework */ = {isa = PBXFileReference; lastKnownFileType = wrapper.framework; name = SystemConfiguration.framework; path = System/Library/Frameworks/SystemConfiguration.framework; sourceTree = SDKROOT; };
		49174F821C5183C300330C56 /* iPadMain.storyboard */ = {isa = PBXFileReference; fileEncoding = 4; lastKnownFileType = file.storyboard; name = iPadMain.storyboard; path = ../iPadMain.storyboard; sourceTree = "<group>"; };
		49174F8C1C52D44000330C56 /* SIGPreferences.h */ = {isa = PBXFileReference; fileEncoding = 4; lastKnownFileType = sourcecode.c.h; path = SIGPreferences.h; sourceTree = "<group>"; };
		49174F8D1C52D44000330C56 /* SIGPreferences.m */ = {isa = PBXFileReference; fileEncoding = 4; lastKnownFileType = sourcecode.c.objc; path = SIGPreferences.m; sourceTree = "<group>"; };
		492F04F21C46F09400F5AF98 /* SIGImageCache.h */ = {isa = PBXFileReference; fileEncoding = 4; lastKnownFileType = sourcecode.c.h; path = SIGImageCache.h; sourceTree = "<group>"; };
		492F04F31C46F09400F5AF98 /* SIGImageCache.m */ = {isa = PBXFileReference; fileEncoding = 4; lastKnownFileType = sourcecode.c.objc; path = SIGImageCache.m; sourceTree = "<group>"; };
		49534F8A1C440938008C6300 /* Signal Commerce.app */ = {isa = PBXFileReference; explicitFileType = wrapper.application; includeInIndex = 0; path = "Signal Commerce.app"; sourceTree = BUILT_PRODUCTS_DIR; };
		49534F8E1C440938008C6300 /* main.m */ = {isa = PBXFileReference; lastKnownFileType = sourcecode.c.objc; path = main.m; sourceTree = "<group>"; };
		49534F901C440938008C6300 /* AppDelegate.h */ = {isa = PBXFileReference; lastKnownFileType = sourcecode.c.h; path = AppDelegate.h; sourceTree = "<group>"; };
		49534F911C440938008C6300 /* AppDelegate.m */ = {isa = PBXFileReference; lastKnownFileType = sourcecode.c.objc; path = AppDelegate.m; sourceTree = "<group>"; };
		49534F971C440938008C6300 /* Base */ = {isa = PBXFileReference; lastKnownFileType = file.storyboard; name = Base; path = Base.lproj/Main.storyboard; sourceTree = "<group>"; };
		49534F991C440938008C6300 /* Assets.xcassets */ = {isa = PBXFileReference; lastKnownFileType = folder.assetcatalog; path = Assets.xcassets; sourceTree = "<group>"; };
		49534F9C1C440938008C6300 /* Base */ = {isa = PBXFileReference; lastKnownFileType = file.storyboard; name = Base; path = Base.lproj/LaunchScreen.storyboard; sourceTree = "<group>"; };
		49534F9E1C440938008C6300 /* Info.plist */ = {isa = PBXFileReference; lastKnownFileType = text.plist.xml; path = Info.plist; sourceTree = "<group>"; };
		49534FA31C440938008C6300 /* Signal CommerceTests.xctest */ = {isa = PBXFileReference; explicitFileType = wrapper.cfbundle; includeInIndex = 0; path = "Signal CommerceTests.xctest"; sourceTree = BUILT_PRODUCTS_DIR; };
		49534FA71C440938008C6300 /* Signal_CommerceTests.m */ = {isa = PBXFileReference; lastKnownFileType = sourcecode.c.objc; path = Signal_CommerceTests.m; sourceTree = "<group>"; };
		49534FA91C440938008C6300 /* Info.plist */ = {isa = PBXFileReference; lastKnownFileType = text.plist.xml; path = Info.plist; sourceTree = "<group>"; };
		497B495E1C445828006A21EF /* SIGProduct.h */ = {isa = PBXFileReference; fileEncoding = 4; lastKnownFileType = sourcecode.c.h; path = SIGProduct.h; sourceTree = "<group>"; };
		497B495F1C445828006A21EF /* SIGProduct.m */ = {isa = PBXFileReference; fileEncoding = 4; lastKnownFileType = sourcecode.c.objc; path = SIGProduct.m; sourceTree = "<group>"; };
		497B49611C446165006A21EF /* SIGMoney.h */ = {isa = PBXFileReference; fileEncoding = 4; lastKnownFileType = sourcecode.c.h; path = SIGMoney.h; sourceTree = "<group>"; };
		497B49621C446165006A21EF /* SIGMoney.m */ = {isa = PBXFileReference; fileEncoding = 4; lastKnownFileType = sourcecode.c.objc; path = SIGMoney.m; sourceTree = "<group>"; };
		497B496E1C45B96B006A21EF /* SIGProductDetailController.h */ = {isa = PBXFileReference; fileEncoding = 4; lastKnownFileType = sourcecode.c.h; path = SIGProductDetailController.h; sourceTree = "<group>"; };
		497B496F1C45B96B006A21EF /* SIGProductDetailController.m */ = {isa = PBXFileReference; fileEncoding = 4; lastKnownFileType = sourcecode.c.objc; path = SIGProductDetailController.m; sourceTree = "<group>"; };
		498D9C2C1C443D93002D72D6 /* SIGCategory.h */ = {isa = PBXFileReference; fileEncoding = 4; lastKnownFileType = sourcecode.c.h; path = SIGCategory.h; sourceTree = "<group>"; };
		498D9C2D1C443D93002D72D6 /* SIGCategory.m */ = {isa = PBXFileReference; fileEncoding = 4; lastKnownFileType = sourcecode.c.objc; path = SIGCategory.m; sourceTree = "<group>"; };
		498D9C2F1C443F26002D72D6 /* SIGShoppingService.h */ = {isa = PBXFileReference; fileEncoding = 4; lastKnownFileType = sourcecode.c.h; path = SIGShoppingService.h; sourceTree = "<group>"; };
		498D9C311C4440AA002D72D6 /* SIGCategoryListController.h */ = {isa = PBXFileReference; fileEncoding = 4; lastKnownFileType = sourcecode.c.h; path = SIGCategoryListController.h; sourceTree = "<group>"; };
		498D9C321C4440AA002D72D6 /* SIGCategoryListController.m */ = {isa = PBXFileReference; fileEncoding = 4; lastKnownFileType = sourcecode.c.objc; path = SIGCategoryListController.m; sourceTree = "<group>"; };
		498D9C341C444350002D72D6 /* MagentoShoppingService.h */ = {isa = PBXFileReference; fileEncoding = 4; lastKnownFileType = sourcecode.c.h; path = MagentoShoppingService.h; sourceTree = "<group>"; };
		498D9C351C444350002D72D6 /* MagentoShoppingService.m */ = {isa = PBXFileReference; fileEncoding = 4; lastKnownFileType = sourcecode.c.objc; path = MagentoShoppingService.m; sourceTree = "<group>"; };
		49DE1E951C57F09D00294D79 /* SIGLoginViewController.h */ = {isa = PBXFileReference; fileEncoding = 4; lastKnownFileType = sourcecode.c.h; path = SIGLoginViewController.h; sourceTree = "<group>"; };
		49DE1E961C57F09D00294D79 /* SIGLoginViewController.m */ = {isa = PBXFileReference; fileEncoding = 4; lastKnownFileType = sourcecode.c.objc; path = SIGLoginViewController.m; sourceTree = "<group>"; };
		49E1F9051C69017B0084408A /* SIGCart.h */ = {isa = PBXFileReference; fileEncoding = 4; lastKnownFileType = sourcecode.c.h; path = SIGCart.h; sourceTree = "<group>"; };
		49E1F9061C69017B0084408A /* SIGCart.m */ = {isa = PBXFileReference; fileEncoding = 4; lastKnownFileType = sourcecode.c.objc; path = SIGCart.m; sourceTree = "<group>"; };
		49E1F9081C6901AA0084408A /* SIGCartItem.h */ = {isa = PBXFileReference; fileEncoding = 4; lastKnownFileType = sourcecode.c.h; path = SIGCartItem.h; sourceTree = "<group>"; };
		49E1F9091C6901AA0084408A /* SIGCartItem.m */ = {isa = PBXFileReference; fileEncoding = 4; lastKnownFileType = sourcecode.c.objc; path = SIGCartItem.m; sourceTree = "<group>"; };
		49E1F90B1C69198A0084408A /* SIGCartController.h */ = {isa = PBXFileReference; fileEncoding = 4; lastKnownFileType = sourcecode.c.h; path = SIGCartController.h; sourceTree = "<group>"; };
		49E1F90C1C69198A0084408A /* SIGCartController.m */ = {isa = PBXFileReference; fileEncoding = 4; lastKnownFileType = sourcecode.c.objc; path = SIGCartController.m; sourceTree = "<group>"; };
		49E1F90E1C69439F0084408A /* SIGAccountController.h */ = {isa = PBXFileReference; fileEncoding = 4; lastKnownFileType = sourcecode.c.h; path = SIGAccountController.h; sourceTree = "<group>"; };
		49E1F90F1C69439F0084408A /* SIGAccountController.m */ = {isa = PBXFileReference; fileEncoding = 4; lastKnownFileType = sourcecode.c.objc; path = SIGAccountController.m; sourceTree = "<group>"; };
		49E1F9141C6A80000084408A /* UIViewController+CartAssist.h */ = {isa = PBXFileReference; fileEncoding = 4; lastKnownFileType = sourcecode.c.h; path = "UIViewController+CartAssist.h"; sourceTree = "<group>"; };
		49E1F9151C6A80000084408A /* UIViewController+CartAssist.m */ = {isa = PBXFileReference; fileEncoding = 4; lastKnownFileType = sourcecode.c.objc; path = "UIViewController+CartAssist.m"; sourceTree = "<group>"; };
		7D327178267E21127EEC07F3 /* Pods-Signal Commerce.debug.xcconfig */ = {isa = PBXFileReference; includeInIndex = 1; lastKnownFileType = text.xcconfig; name = "Pods-Signal Commerce.debug.xcconfig"; path = "Pods/Target Support Files/Pods-Signal Commerce/Pods-Signal Commerce.debug.xcconfig"; sourceTree = "<group>"; };
		8CA6C37B6A12B30E0F575072 /* Pods_Signal_Commerce.framework */ = {isa = PBXFileReference; explicitFileType = wrapper.framework; includeInIndex = 0; path = Pods_Signal_Commerce.framework; sourceTree = BUILT_PRODUCTS_DIR; };
		ADF1CA390D4DBD2F15F3894A /* Pods-Signal Commerce.release.xcconfig */ = {isa = PBXFileReference; includeInIndex = 1; lastKnownFileType = text.xcconfig; name = "Pods-Signal Commerce.release.xcconfig"; path = "Pods/Target Support Files/Pods-Signal Commerce/Pods-Signal Commerce.release.xcconfig"; sourceTree = "<group>"; };
/* End PBXFileReference section */

/* Begin PBXFrameworksBuildPhase section */
		49534F871C440938008C6300 /* Frameworks */ = {
			isa = PBXFrameworksBuildPhase;
			buildActionMask = 2147483647;
			files = (
				49174F591C5023C700330C56 /* SystemConfiguration.framework in Frameworks */,
				49174F571C5023B900330C56 /* CoreTelephony.framework in Frameworks */,
				9B1F242C78FEFD537C2B6556 /* Pods_Signal_Commerce.framework in Frameworks */,
				49174F551C5022A100330C56 /* SignalSDK.framework in Frameworks */,
			);
			runOnlyForDeploymentPostprocessing = 0;
		};
		49534FA01C440938008C6300 /* Frameworks */ = {
			isa = PBXFrameworksBuildPhase;
			buildActionMask = 2147483647;
			files = (
			);
			runOnlyForDeploymentPostprocessing = 0;
		};
/* End PBXFrameworksBuildPhase section */

/* Begin PBXGroup section */
		49534F811C440938008C6300 = {
			isa = PBXGroup;
			children = (
				49534F8C1C440938008C6300 /* Signal Commerce */,
				49534FA61C440938008C6300 /* Signal CommerceTests */,
				49534F8B1C440938008C6300 /* Products */,
				785251F57B90A00AA89CFAB9 /* Pods */,
				8EE7AD168C1249FFA87955AB /* Frameworks */,
			);
			sourceTree = "<group>";
		};
		49534F8B1C440938008C6300 /* Products */ = {
			isa = PBXGroup;
			children = (
				49534F8A1C440938008C6300 /* Signal Commerce.app */,
				49534FA31C440938008C6300 /* Signal CommerceTests.xctest */,
			);
			name = Products;
			sourceTree = "<group>";
		};
		49534F8C1C440938008C6300 /* Signal Commerce */ = {
			isa = PBXGroup;
			children = (
				49534F901C440938008C6300 /* AppDelegate.h */,
				49534F911C440938008C6300 /* AppDelegate.m */,
				49534F991C440938008C6300 /* Assets.xcassets */,
				498D9C301C443FAF002D72D6 /* Controllers */,
				49534F9E1C440938008C6300 /* Info.plist */,
				49174F821C5183C300330C56 /* iPadMain.storyboard */,
				49534F9B1C440938008C6300 /* LaunchScreen.storyboard */,
				49534F961C440938008C6300 /* Main.storyboard */,
				498D9C271C443C1A002D72D6 /* Model */,
				492F04F21C46F09400F5AF98 /* SIGImageCache.h */,
				492F04F31C46F09400F5AF98 /* SIGImageCache.m */,
				49174F8C1C52D44000330C56 /* SIGPreferences.h */,
				49174F8D1C52D44000330C56 /* SIGPreferences.m */,
				49534F8D1C440938008C6300 /* Supporting Files */,
			);
			path = "Signal Commerce";
			sourceTree = "<group>";
		};
		49534F8D1C440938008C6300 /* Supporting Files */ = {
			isa = PBXGroup;
			children = (
				49534F8E1C440938008C6300 /* main.m */,
			);
			name = "Supporting Files";
			sourceTree = "<group>";
		};
		49534FA61C440938008C6300 /* Signal CommerceTests */ = {
			isa = PBXGroup;
			children = (
				49534FA71C440938008C6300 /* Signal_CommerceTests.m */,
				49534FA91C440938008C6300 /* Info.plist */,
			);
			path = "Signal CommerceTests";
			sourceTree = "<group>";
		};
		498D9C271C443C1A002D72D6 /* Model */ = {
			isa = PBXGroup;
			children = (
				498D9C341C444350002D72D6 /* MagentoShoppingService.h */,
				498D9C351C444350002D72D6 /* MagentoShoppingService.m */,
				49E1F9051C69017B0084408A /* SIGCart.h */,
				49E1F9061C69017B0084408A /* SIGCart.m */,
				49E1F9081C6901AA0084408A /* SIGCartItem.h */,
				49E1F9091C6901AA0084408A /* SIGCartItem.m */,
				498D9C2C1C443D93002D72D6 /* SIGCategory.h */,
				498D9C2D1C443D93002D72D6 /* SIGCategory.m */,
				497B49611C446165006A21EF /* SIGMoney.h */,
				497B49621C446165006A21EF /* SIGMoney.m */,
				497B495E1C445828006A21EF /* SIGProduct.h */,
				497B495F1C445828006A21EF /* SIGProduct.m */,
				498D9C2F1C443F26002D72D6 /* SIGShoppingService.h */,
			);
			name = Model;
			sourceTree = "<group>";
		};
		498D9C301C443FAF002D72D6 /* Controllers */ = {
			isa = PBXGroup;
			children = (
				49E1F90E1C69439F0084408A /* SIGAccountController.h */,
				49E1F90F1C69439F0084408A /* SIGAccountController.m */,
				49E1F90B1C69198A0084408A /* SIGCartController.h */,
				49E1F90C1C69198A0084408A /* SIGCartController.m */,
				498D9C311C4440AA002D72D6 /* SIGCategoryListController.h */,
				498D9C321C4440AA002D72D6 /* SIGCategoryListController.m */,
				49DE1E951C57F09D00294D79 /* SIGLoginViewController.h */,
				49DE1E961C57F09D00294D79 /* SIGLoginViewController.m */,
				497B496E1C45B96B006A21EF /* SIGProductDetailController.h */,
				497B496F1C45B96B006A21EF /* SIGProductDetailController.m */,
				49174F511C50158D00330C56 /* SIGSettingsController.h */,
				49174F521C50158D00330C56 /* SIGSettingsController.m */,
				49E1F9141C6A80000084408A /* UIViewController+CartAssist.h */,
				49E1F9151C6A80000084408A /* UIViewController+CartAssist.m */,
			);
			name = Controllers;
			sourceTree = "<group>";
		};
		785251F57B90A00AA89CFAB9 /* Pods */ = {
			isa = PBXGroup;
			children = (
				7D327178267E21127EEC07F3 /* Pods-Signal Commerce.debug.xcconfig */,
				ADF1CA390D4DBD2F15F3894A /* Pods-Signal Commerce.release.xcconfig */,
			);
			name = Pods;
			sourceTree = "<group>";
		};
		8EE7AD168C1249FFA87955AB /* Frameworks */ = {
			isa = PBXGroup;
			children = (
				49174F581C5023C700330C56 /* SystemConfiguration.framework */,
				49174F561C5023B900330C56 /* CoreTelephony.framework */,
				49174F541C5022A100330C56 /* SignalSDK.framework */,
				8CA6C37B6A12B30E0F575072 /* Pods_Signal_Commerce.framework */,
			);
			name = Frameworks;
			sourceTree = "<group>";
		};
/* End PBXGroup section */

/* Begin PBXNativeTarget section */
		49534F891C440938008C6300 /* Signal Commerce */ = {
			isa = PBXNativeTarget;
			buildConfigurationList = 49534FAC1C440938008C6300 /* Build configuration list for PBXNativeTarget "Signal Commerce" */;
			buildPhases = (
				CCB753B00CDDB83A84C0C24C /* Check Pods Manifest.lock */,
				49534F861C440938008C6300 /* Sources */,
				49534F871C440938008C6300 /* Frameworks */,
				49534F881C440938008C6300 /* Resources */,
				5C612A9A751F729D49913ABB /* Embed Pods Frameworks */,
				9AB23CF7E6F6C7C00E596B28 /* Copy Pods Resources */,
			);
			buildRules = (
			);
			dependencies = (
			);
			name = "Signal Commerce";
			productName = "Signal Commerce";
			productReference = 49534F8A1C440938008C6300 /* Signal Commerce.app */;
			productType = "com.apple.product-type.application";
		};
		49534FA21C440938008C6300 /* Signal CommerceTests */ = {
			isa = PBXNativeTarget;
			buildConfigurationList = 49534FAF1C440938008C6300 /* Build configuration list for PBXNativeTarget "Signal CommerceTests" */;
			buildPhases = (
				49534F9F1C440938008C6300 /* Sources */,
				49534FA01C440938008C6300 /* Frameworks */,
				49534FA11C440938008C6300 /* Resources */,
			);
			buildRules = (
			);
			dependencies = (
				49534FA51C440938008C6300 /* PBXTargetDependency */,
			);
			name = "Signal CommerceTests";
			productName = "Signal CommerceTests";
			productReference = 49534FA31C440938008C6300 /* Signal CommerceTests.xctest */;
			productType = "com.apple.product-type.bundle.unit-test";
		};
/* End PBXNativeTarget section */

/* Begin PBXProject section */
		49534F821C440938008C6300 /* Project object */ = {
			isa = PBXProject;
			attributes = {
				LastUpgradeCheck = 0720;
				ORGANIZATIONNAME = Signal;
				TargetAttributes = {
					49534F891C440938008C6300 = {
						DevelopmentTeam = SR7E8U472S;
					};
				};
			};
			buildConfigurationList = 49534F851C440938008C6300 /* Build configuration list for PBXProject "Signal Commerce" */;
			compatibilityVersion = "Xcode 3.2";
			developmentRegion = English;
			hasScannedForEncodings = 0;
			knownRegions = (
				en,
				Base,
			);
			mainGroup = 49534F811C440938008C6300;
			productRefGroup = 49534F8B1C440938008C6300 /* Products */;
			projectDirPath = "";
			projectRoot = "";
			targets = (
				49534F891C440938008C6300 /* Signal Commerce */,
				49534FA21C440938008C6300 /* Signal CommerceTests */,
			);
		};
/* End PBXProject section */

/* Begin PBXResourcesBuildPhase section */
		49534F881C440938008C6300 /* Resources */ = {
			isa = PBXResourcesBuildPhase;
			buildActionMask = 2147483647;
			files = (
				49534F9D1C440938008C6300 /* LaunchScreen.storyboard in Resources */,
				49174F831C5183C300330C56 /* iPadMain.storyboard in Resources */,
				49534F9A1C440938008C6300 /* Assets.xcassets in Resources */,
				49534F981C440938008C6300 /* Main.storyboard in Resources */,
			);
			runOnlyForDeploymentPostprocessing = 0;
		};
		49534FA11C440938008C6300 /* Resources */ = {
			isa = PBXResourcesBuildPhase;
			buildActionMask = 2147483647;
			files = (
			);
			runOnlyForDeploymentPostprocessing = 0;
		};
/* End PBXResourcesBuildPhase section */

/* Begin PBXShellScriptBuildPhase section */
		5C612A9A751F729D49913ABB /* Embed Pods Frameworks */ = {
			isa = PBXShellScriptBuildPhase;
			buildActionMask = 2147483647;
			files = (
			);
			inputPaths = (
			);
			name = "Embed Pods Frameworks";
			outputPaths = (
			);
			runOnlyForDeploymentPostprocessing = 0;
			shellPath = /bin/sh;
			shellScript = "\"${SRCROOT}/Pods/Target Support Files/Pods-Signal Commerce/Pods-Signal Commerce-frameworks.sh\"\n";
			showEnvVarsInLog = 0;
		};
		9AB23CF7E6F6C7C00E596B28 /* Copy Pods Resources */ = {
			isa = PBXShellScriptBuildPhase;
			buildActionMask = 2147483647;
			files = (
			);
			inputPaths = (
			);
			name = "Copy Pods Resources";
			outputPaths = (
			);
			runOnlyForDeploymentPostprocessing = 0;
			shellPath = /bin/sh;
			shellScript = "\"${SRCROOT}/Pods/Target Support Files/Pods-Signal Commerce/Pods-Signal Commerce-resources.sh\"\n";
			showEnvVarsInLog = 0;
		};
		CCB753B00CDDB83A84C0C24C /* Check Pods Manifest.lock */ = {
			isa = PBXShellScriptBuildPhase;
			buildActionMask = 2147483647;
			files = (
			);
			inputPaths = (
			);
			name = "Check Pods Manifest.lock";
			outputPaths = (
			);
			runOnlyForDeploymentPostprocessing = 0;
			shellPath = /bin/sh;
			shellScript = "diff \"${PODS_ROOT}/../Podfile.lock\" \"${PODS_ROOT}/Manifest.lock\" > /dev/null\nif [[ $? != 0 ]] ; then\n    cat << EOM\nerror: The sandbox is not in sync with the Podfile.lock. Run 'pod install' or update your CocoaPods installation.\nEOM\n    exit 1\nfi\n";
			showEnvVarsInLog = 0;
		};
/* End PBXShellScriptBuildPhase section */

/* Begin PBXSourcesBuildPhase section */
		49534F861C440938008C6300 /* Sources */ = {
			isa = PBXSourcesBuildPhase;
			buildActionMask = 2147483647;
			files = (
				49174F531C50158D00330C56 /* SIGSettingsController.m in Sources */,
				498D9C2E1C443D93002D72D6 /* SIGCategory.m in Sources */,
				497B49601C445828006A21EF /* SIGProduct.m in Sources */,
				49E1F90D1C69198A0084408A /* SIGCartController.m in Sources */,
				49E1F9161C6A80000084408A /* UIViewController+CartAssist.m in Sources */,
				49E1F9071C69017B0084408A /* SIGCart.m in Sources */,
				49E1F9101C69439F0084408A /* SIGAccountController.m in Sources */,
				49E1F90A1C6901AA0084408A /* SIGCartItem.m in Sources */,
				492F04F41C46F09400F5AF98 /* SIGImageCache.m in Sources */,
				498D9C361C444350002D72D6 /* MagentoShoppingService.m in Sources */,
				49534F921C440938008C6300 /* AppDelegate.m in Sources */,
				49174F8E1C52D44000330C56 /* SIGPreferences.m in Sources */,
				497B49701C45B96B006A21EF /* SIGProductDetailController.m in Sources */,
				49DE1E971C57F09D00294D79 /* SIGLoginViewController.m in Sources */,
				497B49631C446165006A21EF /* SIGMoney.m in Sources */,
				49534F8F1C440938008C6300 /* main.m in Sources */,
				498D9C331C4440AA002D72D6 /* SIGCategoryListController.m in Sources */,
			);
			runOnlyForDeploymentPostprocessing = 0;
		};
		49534F9F1C440938008C6300 /* Sources */ = {
			isa = PBXSourcesBuildPhase;
			buildActionMask = 2147483647;
			files = (
				49534FA81C440938008C6300 /* Signal_CommerceTests.m in Sources */,
			);
			runOnlyForDeploymentPostprocessing = 0;
		};
/* End PBXSourcesBuildPhase section */

/* Begin PBXTargetDependency section */
		49534FA51C440938008C6300 /* PBXTargetDependency */ = {
			isa = PBXTargetDependency;
			target = 49534F891C440938008C6300 /* Signal Commerce */;
			targetProxy = 49534FA41C440938008C6300 /* PBXContainerItemProxy */;
		};
/* End PBXTargetDependency section */

/* Begin PBXVariantGroup section */
		49534F961C440938008C6300 /* Main.storyboard */ = {
			isa = PBXVariantGroup;
			children = (
				49534F971C440938008C6300 /* Base */,
			);
			name = Main.storyboard;
			sourceTree = "<group>";
		};
		49534F9B1C440938008C6300 /* LaunchScreen.storyboard */ = {
			isa = PBXVariantGroup;
			children = (
				49534F9C1C440938008C6300 /* Base */,
			);
			name = LaunchScreen.storyboard;
			sourceTree = "<group>";
		};
/* End PBXVariantGroup section */

/* Begin XCBuildConfiguration section */
		49534FAA1C440938008C6300 /* Debug */ = {
			isa = XCBuildConfiguration;
			buildSettings = {
				ALWAYS_SEARCH_USER_PATHS = NO;
				CLANG_CXX_LANGUAGE_STANDARD = "gnu++0x";
				CLANG_CXX_LIBRARY = "libc++";
				CLANG_ENABLE_MODULES = YES;
				CLANG_ENABLE_OBJC_ARC = YES;
				CLANG_WARN_BOOL_CONVERSION = YES;
				CLANG_WARN_CONSTANT_CONVERSION = YES;
				CLANG_WARN_DIRECT_OBJC_ISA_USAGE = YES_ERROR;
				CLANG_WARN_EMPTY_BODY = YES;
				CLANG_WARN_ENUM_CONVERSION = YES;
				CLANG_WARN_INT_CONVERSION = YES;
				CLANG_WARN_OBJC_ROOT_CLASS = YES_ERROR;
				CLANG_WARN_UNREACHABLE_CODE = YES;
				CLANG_WARN__DUPLICATE_METHOD_MATCH = YES;
				"CODE_SIGN_IDENTITY[sdk=iphoneos*]" = "iPhone Developer";
				COPY_PHASE_STRIP = NO;
				DEBUG_INFORMATION_FORMAT = dwarf;
				ENABLE_STRICT_OBJC_MSGSEND = YES;
				ENABLE_TESTABILITY = YES;
				GCC_C_LANGUAGE_STANDARD = gnu99;
				GCC_DYNAMIC_NO_PIC = NO;
				GCC_NO_COMMON_BLOCKS = YES;
				GCC_OPTIMIZATION_LEVEL = 0;
				GCC_PREPROCESSOR_DEFINITIONS = (
					"DEBUG=1",
					"$(inherited)",
				);
				GCC_WARN_64_TO_32_BIT_CONVERSION = YES;
				GCC_WARN_ABOUT_RETURN_TYPE = YES_ERROR;
				GCC_WARN_UNDECLARED_SELECTOR = YES;
				GCC_WARN_UNINITIALIZED_AUTOS = YES_AGGRESSIVE;
				GCC_WARN_UNUSED_FUNCTION = YES;
				GCC_WARN_UNUSED_VARIABLE = YES;
				IPHONEOS_DEPLOYMENT_TARGET = 9.0;
				MTL_ENABLE_DEBUG_INFO = YES;
				ONLY_ACTIVE_ARCH = YES;
				SDKROOT = iphoneos;
				TARGETED_DEVICE_FAMILY = "1,2";
			};
			name = Debug;
		};
		49534FAB1C440938008C6300 /* Release */ = {
			isa = XCBuildConfiguration;
			buildSettings = {
				ALWAYS_SEARCH_USER_PATHS = NO;
				CLANG_CXX_LANGUAGE_STANDARD = "gnu++0x";
				CLANG_CXX_LIBRARY = "libc++";
				CLANG_ENABLE_MODULES = YES;
				CLANG_ENABLE_OBJC_ARC = YES;
				CLANG_WARN_BOOL_CONVERSION = YES;
				CLANG_WARN_CONSTANT_CONVERSION = YES;
				CLANG_WARN_DIRECT_OBJC_ISA_USAGE = YES_ERROR;
				CLANG_WARN_EMPTY_BODY = YES;
				CLANG_WARN_ENUM_CONVERSION = YES;
				CLANG_WARN_INT_CONVERSION = YES;
				CLANG_WARN_OBJC_ROOT_CLASS = YES_ERROR;
				CLANG_WARN_UNREACHABLE_CODE = YES;
				CLANG_WARN__DUPLICATE_METHOD_MATCH = YES;
				"CODE_SIGN_IDENTITY[sdk=iphoneos*]" = "iPhone Developer";
				COPY_PHASE_STRIP = NO;
				DEBUG_INFORMATION_FORMAT = "dwarf-with-dsym";
				ENABLE_NS_ASSERTIONS = NO;
				ENABLE_STRICT_OBJC_MSGSEND = YES;
				GCC_C_LANGUAGE_STANDARD = gnu99;
				GCC_NO_COMMON_BLOCKS = YES;
				GCC_WARN_64_TO_32_BIT_CONVERSION = YES;
				GCC_WARN_ABOUT_RETURN_TYPE = YES_ERROR;
				GCC_WARN_UNDECLARED_SELECTOR = YES;
				GCC_WARN_UNINITIALIZED_AUTOS = YES_AGGRESSIVE;
				GCC_WARN_UNUSED_FUNCTION = YES;
				GCC_WARN_UNUSED_VARIABLE = YES;
				IPHONEOS_DEPLOYMENT_TARGET = 9.0;
				MTL_ENABLE_DEBUG_INFO = NO;
				SDKROOT = iphoneos;
				TARGETED_DEVICE_FAMILY = "1,2";
				VALIDATE_PRODUCT = YES;
			};
			name = Release;
		};
		49534FAD1C440938008C6300 /* Debug */ = {
			isa = XCBuildConfiguration;
			baseConfigurationReference = 7D327178267E21127EEC07F3 /* Pods-Signal Commerce.debug.xcconfig */;
			buildSettings = {
				ASSETCATALOG_COMPILER_APPICON_NAME = AppIcon;
				CODE_SIGN_IDENTITY = "iPhone Developer";
				"CODE_SIGN_IDENTITY[sdk=iphoneos*]" = "iPhone Developer";
				FRAMEWORK_SEARCH_PATHS = (
					"$(inherited)",
					"$(PROJECT_DIR)",
				);
				INFOPLIST_FILE = "Signal Commerce/Info.plist";
				IPHONEOS_DEPLOYMENT_TARGET = 9.0;
				LD_RUNPATH_SEARCH_PATHS = "$(inherited) @executable_path/Frameworks";
				OTHER_LDFLAGS = (
					"$(inherited)",
					"-framework",
					"\"FastImageCache\"",
					"-framework",
					"\"MMDrawerController\"",
					"-framework",
					"\"MMDrawerController_Storyboard\"",
					"-lsqlite3",
				);
				PRODUCT_BUNDLE_IDENTIFIER = "co.signal.Signal-Commerce";
				PRODUCT_NAME = "$(TARGET_NAME)";
				PROVISIONING_PROFILE = "";
				TARGETED_DEVICE_FAMILY = "1,2";
			};
			name = Debug;
		};
		49534FAE1C440938008C6300 /* Release */ = {
			isa = XCBuildConfiguration;
			baseConfigurationReference = ADF1CA390D4DBD2F15F3894A /* Pods-Signal Commerce.release.xcconfig */;
			buildSettings = {
				ASSETCATALOG_COMPILER_APPICON_NAME = AppIcon;
				CODE_SIGN_IDENTITY = "iPhone Developer";
				"CODE_SIGN_IDENTITY[sdk=iphoneos*]" = "iPhone Developer";
				FRAMEWORK_SEARCH_PATHS = (
					"$(inherited)",
					"$(PROJECT_DIR)",
				);
				INFOPLIST_FILE = "Signal Commerce/Info.plist";
				IPHONEOS_DEPLOYMENT_TARGET = 9.0;
				LD_RUNPATH_SEARCH_PATHS = "$(inherited) @executable_path/Frameworks";
				OTHER_LDFLAGS = (
					"$(inherited)",
					"-framework",
					"\"FastImageCache\"",
					"-framework",
					"\"MMDrawerController\"",
					"-framework",
					"\"MMDrawerController_Storyboard\"",
					"-lsqlite3",
				);
				PRODUCT_BUNDLE_IDENTIFIER = "co.signal.Signal-Commerce";
				PRODUCT_NAME = "$(TARGET_NAME)";
				PROVISIONING_PROFILE = "";
				TARGETED_DEVICE_FAMILY = "1,2";
			};
			name = Release;
		};
		49534FB01C440938008C6300 /* Debug */ = {
			isa = XCBuildConfiguration;
			buildSettings = {
				BUNDLE_LOADER = "$(TEST_HOST)";
				INFOPLIST_FILE = "Signal CommerceTests/Info.plist";
				LD_RUNPATH_SEARCH_PATHS = "$(inherited) @executable_path/Frameworks @loader_path/Frameworks";
				PRODUCT_BUNDLE_IDENTIFIER = "co.signal.Signal-CommerceTests";
				PRODUCT_NAME = "$(TARGET_NAME)";
				TEST_HOST = "$(BUILT_PRODUCTS_DIR)/Signal Commerce.app/Signal Commerce";
			};
			name = Debug;
		};
		49534FB11C440938008C6300 /* Release */ = {
			isa = XCBuildConfiguration;
			buildSettings = {
				BUNDLE_LOADER = "$(TEST_HOST)";
				INFOPLIST_FILE = "Signal CommerceTests/Info.plist";
				LD_RUNPATH_SEARCH_PATHS = "$(inherited) @executable_path/Frameworks @loader_path/Frameworks";
				PRODUCT_BUNDLE_IDENTIFIER = "co.signal.Signal-CommerceTests";
				PRODUCT_NAME = "$(TARGET_NAME)";
				TEST_HOST = "$(BUILT_PRODUCTS_DIR)/Signal Commerce.app/Signal Commerce";
			};
			name = Release;
		};
/* End XCBuildConfiguration section */

/* Begin XCConfigurationList section */
		49534F851C440938008C6300 /* Build configuration list for PBXProject "Signal Commerce" */ = {
			isa = XCConfigurationList;
			buildConfigurations = (
				49534FAA1C440938008C6300 /* Debug */,
				49534FAB1C440938008C6300 /* Release */,
			);
			defaultConfigurationIsVisible = 0;
			defaultConfigurationName = Release;
		};
		49534FAC1C440938008C6300 /* Build configuration list for PBXNativeTarget "Signal Commerce" */ = {
			isa = XCConfigurationList;
			buildConfigurations = (
				49534FAD1C440938008C6300 /* Debug */,
				49534FAE1C440938008C6300 /* Release */,
			);
			defaultConfigurationIsVisible = 0;
			defaultConfigurationName = Release;
		};
		49534FAF1C440938008C6300 /* Build configuration list for PBXNativeTarget "Signal CommerceTests" */ = {
			isa = XCConfigurationList;
			buildConfigurations = (
				49534FB01C440938008C6300 /* Debug */,
				49534FB11C440938008C6300 /* Release */,
			);
			defaultConfigurationIsVisible = 0;
			defaultConfigurationName = Release;
		};
/* End XCConfigurationList section */
	};
	rootObject = 49534F821C440938008C6300 /* Project object */;
}
